<Solution>
  <Project Path="WasteCollection.Entities.HuyNQ/WasteCollection.Entities.HuyNQ.csproj" />
  <Project Path="WasteCollection.RazorWebApp.HuyNQ/WasteCollection.RazorWebApp.HuyNQ.csproj" />
  <Project Path="WasteCollection.Repositories.HuyNQ/WasteCollection.Repositories.HuyNQ.csproj" />
  <Project Path="WasteCollection.Services.HuyNQ/WasteCollection.Services.HuyNQ.csproj" />
</Solution>
